
Microsoft Visual Studio Solution File, Format Version 12.00
# Visual Studio Version 17
VisualStudioVersion = 17.0.31903.59
MinimumVisualStudioVersion = 10.0.40219.1
Project("{2150E333-8FDC-42A3-9474-1A3956D46DE8}") = "murder", "murder", "{ACF3A2D4-A728-4FF7-9A02-E092901E3F94}"
EndProject
Project("{2150E333-8FDC-42A3-9474-1A3956D46DE8}") = "src", "src", "{13BB7119-61A5-46FA-A558-21076E5CBCC0}"
EndProject
Project("{FAE04EC0-301F-11D3-BF4B-00C04F79EFBC}") = "Murder", "murder\src\Murder\Murder.csproj", "{25937B4D-D59F-4EEF-85DB-A7C5CE39173D}"
EndProject
Project("{FAE04EC0-301F-11D3-BF4B-00C04F79EFBC}") = "Murder.Editor", "murder\src\Murder.Editor\Murder.Editor.csproj", "{2B20D80D-08E4-46D9-A48D-2F72ABE784A1}"
EndProject
Project("{2150E333-8FDC-42A3-9474-1A3956D46DE8}") = "bang", "bang", "{8446A4BD-EB60-4987-8361-3E81887AF0F6}"
EndProject
Project("{2150E333-8FDC-42A3-9474-1A3956D46DE8}") = "src", "src", "{C43D47BD-AFA9-4F72-B57D-4744D4E5764B}"
EndProject
Project("{FAE04EC0-301F-11D3-BF4B-00C04F79EFBC}") = "Bang", "murder\bang\src\Bang\Bang.csproj", "{5E2950EC-F314-4D9C-A930-14EA2EFE1CA8}"
EndProject
Project("{FAE04EC0-301F-11D3-BF4B-00C04F79EFBC}") = "Bang.Analyzers", "murder\bang\src\Bang.Analyzers\Bang.Analyzers.csproj", "{78C377CA-A34F-4923-AE3B-12B530355E70}"
EndProject
Project("{FAE04EC0-301F-11D3-BF4B-00C04F79EFBC}") = "Bang.Analyzers.Tests", "murder\bang\src\Bang.Analyzers.Tests\Bang.Analyzers.Tests.csproj", "{4615D046-637C-454B-A1B7-28F8E3515B4D}"
EndProject
Project("{FAE04EC0-301F-11D3-BF4B-00C04F79EFBC}") = "Bang.Generator", "murder\bang\src\Bang.Generator\Bang.Generator.csproj", "{01F0CA53-83B6-4CC3-9856-81C8F9813471}"
EndProject
Project("{2150E333-8FDC-42A3-9474-1A3956D46DE8}") = "gum", "gum", "{7F21F6CD-4A8D-4806-B945-BF6F34109838}"
EndProject
Project("{2150E333-8FDC-42A3-9474-1A3956D46DE8}") = "src", "src", "{5758D393-2805-40B8-A6ED-EAFB66D50610}"
EndProject
Project("{FAE04EC0-301F-11D3-BF4B-00C04F79EFBC}") = "Gum", "murder\gum\src\Gum\Gum.csproj", "{101F959D-F7CC-4004-A0A5-21471468033C}"
EndProject
Project("{FAE04EC0-301F-11D3-BF4B-00C04F79EFBC}") = "Gum.Tests", "murder\gum\src\Gum.Tests\Gum.Tests.csproj", "{3D0BDBC2-4B14-4F1D-9AC7-A84722AB123C}"
EndProject
Project("{2150E333-8FDC-42A3-9474-1A3956D46DE8}") = "src", "src", "{AF1D9C87-AC61-47B1-8542-37C1A6DF7722}"
EndProject
Project("{FAE04EC0-301F-11D3-BF4B-00C04F79EFBC}") = "TroublecatGame", "src\TroublecatGame\TroublecatGame.csproj", "{D3F976C5-FBF4-46CD-9793-C1D3AD0E0B85}"
EndProject
Project("{FAE04EC0-301F-11D3-BF4B-00C04F79EFBC}") = "TroublecatEditor", "src\TroublecatEditor\TroublecatEditor.csproj", "{C3318F78-D76A-42E4-8B42-039770A23EC0}"
EndProject
Global
	GlobalSection(SolutionConfigurationPlatforms) = preSolution
		Debug|Any CPU = Debug|Any CPU
		Release|Any CPU = Release|Any CPU
	EndGlobalSection
	GlobalSection(SolutionProperties) = preSolution
		HideSolutionNode = FALSE
	EndGlobalSection
	GlobalSection(ProjectConfigurationPlatforms) = postSolution
		{25937B4D-D59F-4EEF-85DB-A7C5CE39173D}.Debug|Any CPU.ActiveCfg = Debug|Any CPU
		{25937B4D-D59F-4EEF-85DB-A7C5CE39173D}.Debug|Any CPU.Build.0 = Debug|Any CPU
		{25937B4D-D59F-4EEF-85DB-A7C5CE39173D}.Release|Any CPU.ActiveCfg = Release|Any CPU
		{25937B4D-D59F-4EEF-85DB-A7C5CE39173D}.Release|Any CPU.Build.0 = Release|Any CPU
		{2B20D80D-08E4-46D9-A48D-2F72ABE784A1}.Debug|Any CPU.ActiveCfg = Debug|Any CPU
		{2B20D80D-08E4-46D9-A48D-2F72ABE784A1}.Debug|Any CPU.Build.0 = Debug|Any CPU
		{2B20D80D-08E4-46D9-A48D-2F72ABE784A1}.Release|Any CPU.ActiveCfg = Release|Any CPU
		{2B20D80D-08E4-46D9-A48D-2F72ABE784A1}.Release|Any CPU.Build.0 = Release|Any CPU
		{5E2950EC-F314-4D9C-A930-14EA2EFE1CA8}.Debug|Any CPU.ActiveCfg = Debug|Any CPU
		{5E2950EC-F314-4D9C-A930-14EA2EFE1CA8}.Debug|Any CPU.Build.0 = Debug|Any CPU
		{5E2950EC-F314-4D9C-A930-14EA2EFE1CA8}.Release|Any CPU.ActiveCfg = Release|Any CPU
		{5E2950EC-F314-4D9C-A930-14EA2EFE1CA8}.Release|Any CPU.Build.0 = Release|Any CPU
		{78C377CA-A34F-4923-AE3B-12B530355E70}.Debug|Any CPU.ActiveCfg = Debug|Any CPU
		{78C377CA-A34F-4923-AE3B-12B530355E70}.Debug|Any CPU.Build.0 = Debug|Any CPU
		{78C377CA-A34F-4923-AE3B-12B530355E70}.Release|Any CPU.ActiveCfg = Release|Any CPU
		{78C377CA-A34F-4923-AE3B-12B530355E70}.Release|Any CPU.Build.0 = Release|Any CPU
		{4615D046-637C-454B-A1B7-28F8E3515B4D}.Debug|Any CPU.ActiveCfg = Debug|Any CPU
		{4615D046-637C-454B-A1B7-28F8E3515B4D}.Debug|Any CPU.Build.0 = Debug|Any CPU
		{4615D046-637C-454B-A1B7-28F8E3515B4D}.Release|Any CPU.ActiveCfg = Release|Any CPU
		{4615D046-637C-454B-A1B7-28F8E3515B4D}.Release|Any CPU.Build.0 = Release|Any CPU
		{01F0CA53-83B6-4CC3-9856-81C8F9813471}.Debug|Any CPU.ActiveCfg = Debug|Any CPU
		{01F0CA53-83B6-4CC3-9856-81C8F9813471}.Debug|Any CPU.Build.0 = Debug|Any CPU
		{01F0CA53-83B6-4CC3-9856-81C8F9813471}.Release|Any CPU.ActiveCfg = Release|Any CPU
		{01F0CA53-83B6-4CC3-9856-81C8F9813471}.Release|Any CPU.Build.0 = Release|Any CPU
		{101F959D-F7CC-4004-A0A5-21471468033C}.Debug|Any CPU.ActiveCfg = Debug|Any CPU
		{101F959D-F7CC-4004-A0A5-21471468033C}.Debug|Any CPU.Build.0 = Debug|Any CPU
		{101F959D-F7CC-4004-A0A5-21471468033C}.Release|Any CPU.ActiveCfg = Release|Any CPU
		{101F959D-F7CC-4004-A0A5-21471468033C}.Release|Any CPU.Build.0 = Release|Any CPU
		{3D0BDBC2-4B14-4F1D-9AC7-A84722AB123C}.Debug|Any CPU.ActiveCfg = Debug|Any CPU
		{3D0BDBC2-4B14-4F1D-9AC7-A84722AB123C}.Debug|Any CPU.Build.0 = Debug|Any CPU
		{3D0BDBC2-4B14-4F1D-9AC7-A84722AB123C}.Release|Any CPU.ActiveCfg = Release|Any CPU
		{3D0BDBC2-4B14-4F1D-9AC7-A84722AB123C}.Release|Any CPU.Build.0 = Release|Any CPU
		{D3F976C5-FBF4-46CD-9793-C1D3AD0E0B85}.Debug|Any CPU.ActiveCfg = Debug|Any CPU
		{D3F976C5-FBF4-46CD-9793-C1D3AD0E0B85}.Debug|Any CPU.Build.0 = Debug|Any CPU
		{D3F976C5-FBF4-46CD-9793-C1D3AD0E0B85}.Release|Any CPU.ActiveCfg = Release|Any CPU
		{D3F976C5-FBF4-46CD-9793-C1D3AD0E0B85}.Release|Any CPU.Build.0 = Release|Any CPU
		{C3318F78-D76A-42E4-8B42-039770A23EC0}.Debug|Any CPU.ActiveCfg = Debug|Any CPU
		{C3318F78-D76A-42E4-8B42-039770A23EC0}.Debug|Any CPU.Build.0 = Debug|Any CPU
		{C3318F78-D76A-42E4-8B42-039770A23EC0}.Release|Any CPU.ActiveCfg = Release|Any CPU
		{C3318F78-D76A-42E4-8B42-039770A23EC0}.Release|Any CPU.Build.0 = Release|Any CPU
	EndGlobalSection
	GlobalSection(NestedProjects) = preSolution
		{13BB7119-61A5-46FA-A558-21076E5CBCC0} = {ACF3A2D4-A728-4FF7-9A02-E092901E3F94}
		{25937B4D-D59F-4EEF-85DB-A7C5CE39173D} = {13BB7119-61A5-46FA-A558-21076E5CBCC0}
		{2B20D80D-08E4-46D9-A48D-2F72ABE784A1} = {13BB7119-61A5-46FA-A558-21076E5CBCC0}
		{8446A4BD-EB60-4987-8361-3E81887AF0F6} = {ACF3A2D4-A728-4FF7-9A02-E092901E3F94}
		{C43D47BD-AFA9-4F72-B57D-4744D4E5764B} = {8446A4BD-EB60-4987-8361-3E81887AF0F6}
		{5E2950EC-F314-4D9C-A930-14EA2EFE1CA8} = {C43D47BD-AFA9-4F72-B57D-4744D4E5764B}
		{78C377CA-A34F-4923-AE3B-12B530355E70} = {C43D47BD-AFA9-4F72-B57D-4744D4E5764B}
		{4615D046-637C-454B-A1B7-28F8E3515B4D} = {C43D47BD-AFA9-4F72-B57D-4744D4E5764B}
		{01F0CA53-83B6-4CC3-9856-81C8F9813471} = {C43D47BD-AFA9-4F72-B57D-4744D4E5764B}
		{7F21F6CD-4A8D-4806-B945-BF6F34109838} = {ACF3A2D4-A728-4FF7-9A02-E092901E3F94}
		{5758D393-2805-40B8-A6ED-EAFB66D50610} = {7F21F6CD-4A8D-4806-B945-BF6F34109838}
		{101F959D-F7CC-4004-A0A5-21471468033C} = {5758D393-2805-40B8-A6ED-EAFB66D50610}
		{3D0BDBC2-4B14-4F1D-9AC7-A84722AB123C} = {5758D393-2805-40B8-A6ED-EAFB66D50610}
		{D3F976C5-FBF4-46CD-9793-C1D3AD0E0B85} = {AF1D9C87-AC61-47B1-8542-37C1A6DF7722}
		{C3318F78-D76A-42E4-8B42-039770A23EC0} = {AF1D9C87-AC61-47B1-8542-37C1A6DF7722}
	EndGlobalSection
EndGlobal
